{
  "version": 4,
  "terraform_version": "1.13.4",
  "serial": 1,
  "lineage": "e693e33d-3ee0-8404-fe43-59b7dd9f6475",
  "outputs": {
    "cluster_name": {
      "value": "resume-analyzer-gke-cluster",
      "type": "string"
    }
  },
  "resources": [
    {
      "mode": "managed",
      "type": "google_compute_network",
      "name": "vpc_network",
      "provider": "provider[\"registry.terraform.io/hashicorp/google\"]",
      "instances": [
        {
          "schema_version": 0,
          "attributes": {
            "auto_create_subnetworks": true,
            "bgp_always_compare_med": false,
            "bgp_best_path_selection_mode": "LEGACY",
            "bgp_inter_region_cost": "",
            "delete_default_routes_on_create": false,
            "description": "",
            "enable_ula_internal_ipv6": false,
            "gateway_ipv4": "",
            "id": "projects/strange-firefly-475810-h9/global/networks/resume-analyzer-vpc",
            "internal_ipv6_range": "",
            "mtu": 0,
            "name": "resume-analyzer-vpc",
            "network_firewall_policy_enforcement_order": "AFTER_CLASSIC_FIREWALL",
            "network_id": "2251796135957680135",
            "network_profile": "",
            "numeric_id": "2251796135957680135",
            "params": [],
            "project": "strange-firefly-475810-h9",
            "routing_mode": "REGIONAL",
            "self_link": "https://www.googleapis.com/compute/v1/projects/strange-firefly-475810-h9/global/networks/resume-analyzer-vpc",
            "timeouts": null
          },
          "sensitive_attributes": [],
          "identity_schema_version": 0,
          "private": "eyJlMmJmYjczMC1lY2FhLTExZTYtOGY4OC0zNDM2M2JjN2M0YzAiOnsiY3JlYXRlIjoxMjAwMDAwMDAwMDAwLCJkZWxldGUiOjEyMDAwMDAwMDAwMDAsInVwZGF0ZSI6MTIwMDAwMDAwMDAwMH19"
        }
      ]
    }
  ],
  "check_results": null
}
